
Microsoft Visual Studio Solution File, Format Version 12.00
# Visual Studio Version 17
VisualStudioVersion = 17.1.32421.90
MinimumVisualStudioVersion = 10.0.40219.1
Project("{9A19103F-16F7-4668-BE54-9A1E7A4F7556}") = "BlogProject", "BlogProject\BlogProject.csproj", "{6D18E88D-9D0A-4443-9E1A-CFCFB5044A1C}"
EndProject
Project("{FAE04EC0-301F-11D3-BF4B-00C04F79EFBC}") = "EntityLayer", "EntityLayer\EntityLayer.csproj", "{C4C9D973-03AE-4A75-83EB-F1AA0A46B70A}"
EndProject
Project("{FAE04EC0-301F-11D3-BF4B-00C04F79EFBC}") = "DataAccessLayer", "DataAccessLayer\DataAccessLayer.csproj", "{2C30F1AB-882A-4CCF-AD0B-0DB352A2826F}"
EndProject
Project("{FAE04EC0-301F-11D3-BF4B-00C04F79EFBC}") = "BusinessLogicLayer", "BusinessLogicLayer\BusinessLogicLayer.csproj", "{53AF2502-1701-4CA7-B057-FF79A70C5A70}"
EndProject
Project("{FAE04EC0-301F-11D3-BF4B-00C04F79EFBC}") = "CoreLayer", "CoreLayer\CoreLayer.csproj", "{CF462CBD-667F-48D5-97B4-E621BBBA8B24}"
EndProject
Global
	GlobalSection(SolutionConfigurationPlatforms) = preSolution
		Debug|Any CPU = Debug|Any CPU
		Release|Any CPU = Release|Any CPU
	EndGlobalSection
	GlobalSection(ProjectConfigurationPlatforms) = postSolution
		{6D18E88D-9D0A-4443-9E1A-CFCFB5044A1C}.Debug|Any CPU.ActiveCfg = Debug|Any CPU
		{6D18E88D-9D0A-4443-9E1A-CFCFB5044A1C}.Debug|Any CPU.Build.0 = Debug|Any CPU
		{6D18E88D-9D0A-4443-9E1A-CFCFB5044A1C}.Release|Any CPU.ActiveCfg = Release|Any CPU
		{6D18E88D-9D0A-4443-9E1A-CFCFB5044A1C}.Release|Any CPU.Build.0 = Release|Any CPU
		{C4C9D973-03AE-4A75-83EB-F1AA0A46B70A}.Debug|Any CPU.ActiveCfg = Debug|Any CPU
		{C4C9D973-03AE-4A75-83EB-F1AA0A46B70A}.Debug|Any CPU.Build.0 = Debug|Any CPU
		{C4C9D973-03AE-4A75-83EB-F1AA0A46B70A}.Release|Any CPU.ActiveCfg = Release|Any CPU
		{C4C9D973-03AE-4A75-83EB-F1AA0A46B70A}.Release|Any CPU.Build.0 = Release|Any CPU
		{2C30F1AB-882A-4CCF-AD0B-0DB352A2826F}.Debug|Any CPU.ActiveCfg = Debug|Any CPU
		{2C30F1AB-882A-4CCF-AD0B-0DB352A2826F}.Debug|Any CPU.Build.0 = Debug|Any CPU
		{2C30F1AB-882A-4CCF-AD0B-0DB352A2826F}.Release|Any CPU.ActiveCfg = Release|Any CPU
		{2C30F1AB-882A-4CCF-AD0B-0DB352A2826F}.Release|Any CPU.Build.0 = Release|Any CPU
		{53AF2502-1701-4CA7-B057-FF79A70C5A70}.Debug|Any CPU.ActiveCfg = Debug|Any CPU
		{53AF2502-1701-4CA7-B057-FF79A70C5A70}.Debug|Any CPU.Build.0 = Debug|Any CPU
		{53AF2502-1701-4CA7-B057-FF79A70C5A70}.Release|Any CPU.ActiveCfg = Release|Any CPU
		{53AF2502-1701-4CA7-B057-FF79A70C5A70}.Release|Any CPU.Build.0 = Release|Any CPU
		{CF462CBD-667F-48D5-97B4-E621BBBA8B24}.Debug|Any CPU.ActiveCfg = Debug|Any CPU
		{CF462CBD-667F-48D5-97B4-E621BBBA8B24}.Debug|Any CPU.Build.0 = Debug|Any CPU
		{CF462CBD-667F-48D5-97B4-E621BBBA8B24}.Release|Any CPU.ActiveCfg = Release|Any CPU
		{CF462CBD-667F-48D5-97B4-E621BBBA8B24}.Release|Any CPU.Build.0 = Release|Any CPU
	EndGlobalSection
	GlobalSection(SolutionProperties) = preSolution
		HideSolutionNode = FALSE
	EndGlobalSection
	GlobalSection(ExtensibilityGlobals) = postSolution
		SolutionGuid = {7CBA2A25-4DB1-4A8B-8CDF-1613EA91844E}
	EndGlobalSection
EndGlobal
